github.com/fuzzingbits/forge v0.0.8 h1:/Mj6wWWkKVSbZrla1VFFDyDHKjJtxcOFanCAhHKrNBQ=
github.com/fuzzingbits/forge v0.0.8/go.mod h1:bIkf7p91AJlo0e81Kpj/siieDUiDKy0dBIKtUgqnV5U=
github.com/fuzzingbits/philote v0.0.5 h1:GaqOiYbW0cOJ/NmK+o4h2Tl+cnRf+BTI+ktSp+MgFhc=
github.com/fuzzingbits/philote v0.0.5/go.mod h1:mWrD0eA5qSulCTUVRn4/h5Pf0lupJX0JiB7i0Muj1Co=
github.com/russross/blackfriday v1.6.0 h1:KqfZb0pUVN2lYqZUYRddxF4OR8ZMURnJIG5Y3VRLtww=
github.com/russross/blackfriday v1.6.0/go.mod h1:ti0ldHuxg49ri4ksnFxlkCfN+hvslNlmVHqNRXXJNAY=
gopkg.in/check.v1 v0.0.0-20161208181325-20d25e280405 h1:yhCVgyC4o1eVCa2tZl7eS0r+SDo693bJlVdllGtEeKM=
gopkg.in/check.v1 v0.0.0-20161208181325-20d25e280405/go.mod h1:Co6ibVJAznAaIkqp8huTwlJQCZ016jof/cbN4VW5Yz0=
gopkg.in/yaml.v2 v2.4.0 h1:D8xgwECY7CYvx+Y2n4sBz93Jn9JRvxdiyyo8CTfuKaY=
gopkg.in/yaml.v2 v2.4.0/go.mod h1:RDklbk79AGWmwhnvt/jBztapEOGDOx6ZbXqjP6csGnQ=
