github.com/fuzzingbits/forge v0.0.8 h1:/Mj6wWWkKVSbZrla1VFFDyDHKjJtxcOFanCAhHKrNBQ=
github.com/fuzzingbits/forge v0.0.8/go.mod h1:bIkf7p91AJlo0e81Kpj/siieDUiDKy0dBIKtUgqnV5U=
github.com/fuzzingbits/forge v0.0.9 h1:WLGmkYSXBncJkHvjQuj5SZxA9EvFPTjd0qI3qWuCmC4=
github.com/fuzzingbits/forge v0.0.9/go.mod h1:smbq4Zr4NDFkWJ/zGUqcytx+h/z/ofCoA6IWtHXT8xQ=
github.com/fuzzingbits/philote v0.0.9 h1:F+gDiI4T/RMwXauaRMeyUb5GRbYZA3OLnC1RdzKBSRI=
github.com/fuzzingbits/philote v0.0.9/go.mod h1:Vc0j1W9aUYJv/CgaF75BPhZNuVX7A2eYZyxegF810Qk=
github.com/russross/blackfriday v1.6.0 h1:KqfZb0pUVN2lYqZUYRddxF4OR8ZMURnJIG5Y3VRLtww=
github.com/russross/blackfriday v1.6.0/go.mod h1:ti0ldHuxg49ri4ksnFxlkCfN+hvslNlmVHqNRXXJNAY=
gopkg.in/check.v1 v0.0.0-20161208181325-20d25e280405 h1:yhCVgyC4o1eVCa2tZl7eS0r+SDo693bJlVdllGtEeKM=
gopkg.in/check.v1 v0.0.0-20161208181325-20d25e280405/go.mod h1:Co6ibVJAznAaIkqp8huTwlJQCZ016jof/cbN4VW5Yz0=
gopkg.in/yaml.v2 v2.4.0 h1:D8xgwECY7CYvx+Y2n4sBz93Jn9JRvxdiyyo8CTfuKaY=
gopkg.in/yaml.v2 v2.4.0/go.mod h1:RDklbk79AGWmwhnvt/jBztapEOGDOx6ZbXqjP6csGnQ=
